{
  "name": "exercise_04",
  "version": "1.0.0",
  "lockfileVersion": 3,
  "requires": true,
  "packages": {
    "": {
      "name": "exercise_04",
      "version": "1.0.0",
      "license": "ISC",
      "dependencies": {
        "browserlist": "^1.0.2"
      }
    },
    "node_modules/browserlist": {
      "version": "1.0.2",
      "resolved": "https://registry.npmjs.org/browserlist/-/browserlist-1.0.2.tgz",
      "integrity": "sha512-welJSH1jwS/TcyCd/XZ9vj/2ijgDNEbcrS7YCjIB0Tc1sfFnfK9c80xCbTy/kY3oCqWWPHtBNQpVuPu55ErNEw==",
      "bin": {
        "browserlist": "cli.js"
      }
    }
  }
}
